
Microsoft Visual Studio Solution File, Format Version 12.00
# Visual Studio Version 16
VisualStudioVersion = 16.0.30503.244
MinimumVisualStudioVersion = 10.0.40219.1
Project("{FAE04EC0-301F-11D3-BF4B-00C04F79EFBC}") = "Connor Bot", "Connor Bot\Connor Bot.csproj", "{212E3E95-5C1A-4435-AD30-602874405190}"
EndProject
Global
	GlobalSection(SolutionConfigurationPlatforms) = preSolution
		Debug|Any CPU = Debug|Any CPU
		Release|Any CPU = Release|Any CPU
	EndGlobalSection
	GlobalSection(ProjectConfigurationPlatforms) = postSolution
		{212E3E95-5C1A-4435-AD30-602874405190}.Debug|Any CPU.ActiveCfg = Debug|Any CPU
		{212E3E95-5C1A-4435-AD30-602874405190}.Debug|Any CPU.Build.0 = Debug|Any CPU
		{212E3E95-5C1A-4435-AD30-602874405190}.Release|Any CPU.ActiveCfg = Release|Any CPU
		{212E3E95-5C1A-4435-AD30-602874405190}.Release|Any CPU.Build.0 = Release|Any CPU
	EndGlobalSection
	GlobalSection(SolutionProperties) = preSolution
		HideSolutionNode = FALSE
	EndGlobalSection
	GlobalSection(ExtensibilityGlobals) = postSolution
		SolutionGuid = {6E2ECAF7-49E1-4E39-AD3E-9420904EBEA6}
	EndGlobalSection
EndGlobal
